{
  "name": "lit-html",
  "version": "2.0.0-pre.0",
  "lockfileVersion": 1,
  "requires": true,
  "dependencies": {
    "typescript": {
      "version": "4.0.0-dev.20200803",
      "resolved": "https://registry.npmjs.org/typescript/-/typescript-4.0.0-dev.20200803.tgz",
      "integrity": "sha512-f/jDkFqCs0gbUd5MCUijO9u3AOMx1x1HdRDDHSidlc6uPVEkRduxjeTFhIXbGutO7ivzv+aC2sxH+1FQwsyBcg==",
      "dev": true
    }
  }
}
