{
  "name": "@lit-labs/ssr-client",
  "version": "1.0.0-pre.1",
  "lockfileVersion": 1,
  "requires": true,
  "dependencies": {
    "@lit/reactive-element": {
      "version": "1.0.0-pre.2",
      "resolved": "https://registry.npmjs.org/@lit/reactive-element/-/reactive-element-1.0.0-pre.2.tgz",
      "integrity": "sha512-IjguhOf9rFxtStHr8Sou2TuaUgpeLFojdKDoorssuyY0MnPCFdlcOJ2VhTOnoxV3fwHDC9m3Esc8zT+B3UG3Kw=="
    },
    "fsevents": {
      "version": "2.1.3",
      "resolved": "https://registry.npmjs.org/fsevents/-/fsevents-2.1.3.tgz",
      "integrity": "sha512-Auw9a4AxqWpa9GUfj370BMPzzyncfBABW8Mab7BGWBYDj4Isgq+cDKtx0i6u9jcX9pQDnswsaaOTgTmA5pEjuQ==",
      "dev": true,
      "optional": true
    },
    "lit": {
      "version": "2.0.0-pre.1",
      "resolved": "https://registry.npmjs.org/lit/-/lit-2.0.0-pre.1.tgz",
      "integrity": "sha512-1c/Df773r0yKZmZfzz0e0EzltdKDmEKrfyF7DFWagmiMxaA3c/9m9+58BhMF7LJg2Rt04L5ZQ3GWpkt1MtX/mA==",
      "requires": {
        "@lit/reactive-element": "^1.0.0-pre.2",
        "lit-element": "^3.0.0-pre.3",
        "lit-html": "^2.0.0-pre.6"
      }
    },
    "lit-element": {
      "version": "3.0.0-pre.3",
      "resolved": "https://registry.npmjs.org/lit-element/-/lit-element-3.0.0-pre.3.tgz",
      "integrity": "sha512-E6QaOQ+OJx4HX5bI6Xtojw5qHlOSY5R7NWXRtbq+/xxIIPXfwNTF5fOpOKREd8/GSdQP1hHBCxBovlitVPKYaA==",
      "requires": {
        "@lit/reactive-element": "^1.0.0-pre.1",
        "lit-html": "^2.0.0-pre.4"
      }
    },
    "lit-html": {
      "version": "2.0.0-pre.6",
      "resolved": "https://registry.npmjs.org/lit-html/-/lit-html-2.0.0-pre.6.tgz",
      "integrity": "sha512-cqF/ukSYYkV4KLzeDXk7pMgkrWK6Vn5TvfXewK+SpVDMCw7AXd7Ft+6WShlbTb27AZAFGUfL3uM2kKsrTqT14w=="
    },
    "rollup": {
      "version": "2.35.1",
      "resolved": "https://registry.npmjs.org/rollup/-/rollup-2.35.1.tgz",
      "integrity": "sha512-q5KxEyWpprAIcainhVy6HfRttD9kutQpHbeqDTWnqAFNJotiojetK6uqmcydNMymBEtC4I8bCYR+J3mTMqeaUA==",
      "dev": true,
      "requires": {
        "fsevents": "~2.1.2"
      }
    },
    "typescript": {
      "version": "4.1.3",
      "resolved": "https://registry.npmjs.org/typescript/-/typescript-4.1.3.tgz",
      "integrity": "sha512-B3ZIOf1IKeH2ixgHhj6la6xdwR9QrLC5d1VKeCSY4tvkqhF2eqd9O7txNlS0PO3GrBAFIdr3L1ndNwteUbZLYg==",
      "dev": true
    }
  }
}
